[root]
name = "natural_sort"
version = "0.0.1"
dependencies = [
 "natord 1.0.9 (git+https://github.com/lifthrasiir/rust-natord.git)",
 "postgres_extension 0.0.1 (git+https://github.com/jeff-davis/postgres-extension.rs.git?branch=fixes)",
 "postgres_extension_macros 0.0.1 (git+https://github.com/jeff-davis/postgres-extension.rs.git?branch=fixes)",
]

[[package]]
name = "libc"
version = "0.2.13"
source = "registry+https://github.com/rust-lang/crates.io-index"

[[package]]
name = "natord"
version = "1.0.9"
source = "git+https://github.com/lifthrasiir/rust-natord.git#93e5f0ace208e73ddfaaa77ec1605584c8f22a14"

[[package]]
name = "postgres_extension"
version = "0.0.1"
source = "git+https://github.com/jeff-davis/postgres-extension.rs.git?branch=fixes#5b3651777c82a0d9aa2ec9b14f0903443b28cf9c"
dependencies = [
 "libc 0.2.13 (registry+https://github.com/rust-lang/crates.io-index)",
]

[[package]]
name = "postgres_extension_macros"
version = "0.0.1"
source = "git+https://github.com/jeff-davis/postgres-extension.rs.git?branch=fixes#5b3651777c82a0d9aa2ec9b14f0903443b28cf9c"

